
Microsoft Visual Studio Solution File, Format Version 12.00
# Visual Studio Version 17
VisualStudioVersion = 17.5.002.0
MinimumVisualStudioVersion = 10.0.40219.1
Project("{9A19103F-16F7-4668-BE54-9A1E7A4F7556}") = "groomadmin", "groomadmin.csproj", "{73C256F2-249D-464E-B20B-E72AF3BCCFE0}"
EndProject
Global
	GlobalSection(SolutionConfigurationPlatforms) = preSolution
		Debug|Any CPU = Debug|Any CPU
		Release|Any CPU = Release|Any CPU
	EndGlobalSection
	GlobalSection(ProjectConfigurationPlatforms) = postSolution
		{73C256F2-249D-464E-B20B-E72AF3BCCFE0}.Debug|Any CPU.ActiveCfg = Debug|Any CPU
		{73C256F2-249D-464E-B20B-E72AF3BCCFE0}.Debug|Any CPU.Build.0 = Debug|Any CPU
		{73C256F2-249D-464E-B20B-E72AF3BCCFE0}.Release|Any CPU.ActiveCfg = Release|Any CPU
		{73C256F2-249D-464E-B20B-E72AF3BCCFE0}.Release|Any CPU.Build.0 = Release|Any CPU
	EndGlobalSection
	GlobalSection(SolutionProperties) = preSolution
		HideSolutionNode = FALSE
	EndGlobalSection
	GlobalSection(ExtensibilityGlobals) = postSolution
		SolutionGuid = {656C29D6-FDA8-4365-BA7C-CD0745919088}
	EndGlobalSection
EndGlobal
